
Microsoft Visual Studio Solution File, Format Version 12.00
# Visual Studio Version 17
VisualStudioVersion = 17.7.34009.444
MinimumVisualStudioVersion = 10.0.40219.1
Project("{FAE04EC0-301F-11D3-BF4B-00C04F79EFBC}") = "PracticaEF", "PracticaEF.csproj", "{0ACFE07B-84A4-421E-83CE-039F67E57E3F}"
EndProject
Project("{FAE04EC0-301F-11D3-BF4B-00C04F79EFBC}") = "PracticaEF.Logic", "..\PracticaEF.Logic\PracticaEF.Logic.csproj", "{80740329-5E6B-411F-A8DF-A46B69A9627F}"
EndProject
Project("{FAE04EC0-301F-11D3-BF4B-00C04F79EFBC}") = "PracticaEF.Data", "..\PracticaEF.Data\PracticaEF.Data.csproj", "{3284556F-93D3-4A68-B027-0082C71301E8}"
EndProject
Project("{FAE04EC0-301F-11D3-BF4B-00C04F79EFBC}") = "PracticaEF.Entities", "..\PracticaEF.Entities\PracticaEF.Entities.csproj", "{1A7731F4-9E0C-4B5A-A315-235982224F05}"
EndProject
Project("{FAE04EC0-301F-11D3-BF4B-00C04F79EFBC}") = "UnitTests", "..\UnitTests\UnitTests.csproj", "{C4AD8EEA-C18D-4088-B90C-52EACCA83955}"
EndProject
Global
	GlobalSection(SolutionConfigurationPlatforms) = preSolution
		Debug|Any CPU = Debug|Any CPU
		Release|Any CPU = Release|Any CPU
	EndGlobalSection
	GlobalSection(ProjectConfigurationPlatforms) = postSolution
		{0ACFE07B-84A4-421E-83CE-039F67E57E3F}.Debug|Any CPU.ActiveCfg = Debug|Any CPU
		{0ACFE07B-84A4-421E-83CE-039F67E57E3F}.Debug|Any CPU.Build.0 = Debug|Any CPU
		{0ACFE07B-84A4-421E-83CE-039F67E57E3F}.Release|Any CPU.ActiveCfg = Release|Any CPU
		{0ACFE07B-84A4-421E-83CE-039F67E57E3F}.Release|Any CPU.Build.0 = Release|Any CPU
		{80740329-5E6B-411F-A8DF-A46B69A9627F}.Debug|Any CPU.ActiveCfg = Debug|Any CPU
		{80740329-5E6B-411F-A8DF-A46B69A9627F}.Debug|Any CPU.Build.0 = Debug|Any CPU
		{80740329-5E6B-411F-A8DF-A46B69A9627F}.Release|Any CPU.ActiveCfg = Release|Any CPU
		{80740329-5E6B-411F-A8DF-A46B69A9627F}.Release|Any CPU.Build.0 = Release|Any CPU
		{3284556F-93D3-4A68-B027-0082C71301E8}.Debug|Any CPU.ActiveCfg = Debug|Any CPU
		{3284556F-93D3-4A68-B027-0082C71301E8}.Debug|Any CPU.Build.0 = Debug|Any CPU
		{3284556F-93D3-4A68-B027-0082C71301E8}.Release|Any CPU.ActiveCfg = Release|Any CPU
		{3284556F-93D3-4A68-B027-0082C71301E8}.Release|Any CPU.Build.0 = Release|Any CPU
		{1A7731F4-9E0C-4B5A-A315-235982224F05}.Debug|Any CPU.ActiveCfg = Debug|Any CPU
		{1A7731F4-9E0C-4B5A-A315-235982224F05}.Debug|Any CPU.Build.0 = Debug|Any CPU
		{1A7731F4-9E0C-4B5A-A315-235982224F05}.Release|Any CPU.ActiveCfg = Release|Any CPU
		{1A7731F4-9E0C-4B5A-A315-235982224F05}.Release|Any CPU.Build.0 = Release|Any CPU
		{C4AD8EEA-C18D-4088-B90C-52EACCA83955}.Debug|Any CPU.ActiveCfg = Debug|Any CPU
		{C4AD8EEA-C18D-4088-B90C-52EACCA83955}.Debug|Any CPU.Build.0 = Debug|Any CPU
		{C4AD8EEA-C18D-4088-B90C-52EACCA83955}.Release|Any CPU.ActiveCfg = Release|Any CPU
		{C4AD8EEA-C18D-4088-B90C-52EACCA83955}.Release|Any CPU.Build.0 = Release|Any CPU
	EndGlobalSection
	GlobalSection(SolutionProperties) = preSolution
		HideSolutionNode = FALSE
	EndGlobalSection
	GlobalSection(ExtensibilityGlobals) = postSolution
		SolutionGuid = {23AD9883-F83B-4B46-9E28-BB2A2376DD54}
	EndGlobalSection
EndGlobal
